
Microsoft Visual Studio Solution File, Format Version 12.00
# Visual Studio Version 17
VisualStudioVersion = 17.5.002.0
MinimumVisualStudioVersion = 10.0.40219.1
Project("{9A19103F-16F7-4668-BE54-9A1E7A4F7556}") = "HiringTestWebapp.Tests", "HiringTestWebapp.Tests\HiringTestWebapp.Tests.csproj", "{FAD5B0C7-59B0-4957-B9FD-B8DBFDC32F11}"
EndProject
Project("{9A19103F-16F7-4668-BE54-9A1E7A4F7556}") = "HiringTestWebapp", "HiringTestWebapp\HiringTestWebapp.csproj", "{AD5FEDBA-9206-462E-9FA6-F5EDA9652D58}"
EndProject
Global
	GlobalSection(SolutionConfigurationPlatforms) = preSolution
		Debug|Any CPU = Debug|Any CPU
		Release|Any CPU = Release|Any CPU
	EndGlobalSection
	GlobalSection(ProjectConfigurationPlatforms) = postSolution
		{FAD5B0C7-59B0-4957-B9FD-B8DBFDC32F11}.Debug|Any CPU.ActiveCfg = Debug|Any CPU
		{FAD5B0C7-59B0-4957-B9FD-B8DBFDC32F11}.Debug|Any CPU.Build.0 = Debug|Any CPU
		{FAD5B0C7-59B0-4957-B9FD-B8DBFDC32F11}.Release|Any CPU.ActiveCfg = Release|Any CPU
		{FAD5B0C7-59B0-4957-B9FD-B8DBFDC32F11}.Release|Any CPU.Build.0 = Release|Any CPU
		{AD5FEDBA-9206-462E-9FA6-F5EDA9652D58}.Debug|Any CPU.ActiveCfg = Debug|Any CPU
		{AD5FEDBA-9206-462E-9FA6-F5EDA9652D58}.Debug|Any CPU.Build.0 = Debug|Any CPU
		{AD5FEDBA-9206-462E-9FA6-F5EDA9652D58}.Release|Any CPU.ActiveCfg = Release|Any CPU
		{AD5FEDBA-9206-462E-9FA6-F5EDA9652D58}.Release|Any CPU.Build.0 = Release|Any CPU
	EndGlobalSection
	GlobalSection(SolutionProperties) = preSolution
		HideSolutionNode = FALSE
	EndGlobalSection
	GlobalSection(ExtensibilityGlobals) = postSolution
		SolutionGuid = {345DA296-044C-4E90-BE23-C6956BFCB611}
	EndGlobalSection
EndGlobal
